
Microsoft Visual Studio Solution File, Format Version 12.00
# Visual Studio Version 17
VisualStudioVersion = 17.8.34525.116
MinimumVisualStudioVersion = 10.0.40219.1
Project("{FAE04EC0-301F-11D3-BF4B-00C04F79EFBC}") = "State", "State.csproj", "{326AD203-F873-4D72-9107-721A9AC6D645}"
EndProject
Global
	GlobalSection(SolutionConfigurationPlatforms) = preSolution
		Debug|Any CPU = Debug|Any CPU
		Release|Any CPU = Release|Any CPU
	EndGlobalSection
	GlobalSection(ProjectConfigurationPlatforms) = postSolution
		{326AD203-F873-4D72-9107-721A9AC6D645}.Debug|Any CPU.ActiveCfg = Debug|Any CPU
		{326AD203-F873-4D72-9107-721A9AC6D645}.Debug|Any CPU.Build.0 = Debug|Any CPU
		{326AD203-F873-4D72-9107-721A9AC6D645}.Release|Any CPU.ActiveCfg = Release|Any CPU
		{326AD203-F873-4D72-9107-721A9AC6D645}.Release|Any CPU.Build.0 = Release|Any CPU
	EndGlobalSection
	GlobalSection(SolutionProperties) = preSolution
		HideSolutionNode = FALSE
	EndGlobalSection
	GlobalSection(ExtensibilityGlobals) = postSolution
		SolutionGuid = {88A5BF2E-43E8-44DC-9F1E-897C5859EF22}
	EndGlobalSection
EndGlobal
