
Microsoft Visual Studio Solution File, Format Version 12.00
# Visual Studio Version 16
VisualStudioVersion = 16.0.29905.134
MinimumVisualStudioVersion = 10.0.40219.1
Project("{FAE04EC0-301F-11D3-BF4B-00C04F79EFBC}") = "Singleton", "Singleton.csproj", "{E53653B7-9827-46B9-87FF-69B0A7B419A7}"
EndProject
Global
	GlobalSection(SolutionConfigurationPlatforms) = preSolution
		Debug|Any CPU = Debug|Any CPU
		Release|Any CPU = Release|Any CPU
	EndGlobalSection
	GlobalSection(ProjectConfigurationPlatforms) = postSolution
		{E53653B7-9827-46B9-87FF-69B0A7B419A7}.Debug|Any CPU.ActiveCfg = Debug|Any CPU
		{E53653B7-9827-46B9-87FF-69B0A7B419A7}.Debug|Any CPU.Build.0 = Debug|Any CPU
		{E53653B7-9827-46B9-87FF-69B0A7B419A7}.Release|Any CPU.ActiveCfg = Release|Any CPU
		{E53653B7-9827-46B9-87FF-69B0A7B419A7}.Release|Any CPU.Build.0 = Release|Any CPU
	EndGlobalSection
	GlobalSection(SolutionProperties) = preSolution
		HideSolutionNode = FALSE
	EndGlobalSection
	GlobalSection(ExtensibilityGlobals) = postSolution
		SolutionGuid = {038A61D5-DFFD-4C0F-89E9-6CB91E17A4A9}
	EndGlobalSection
EndGlobal
