
Microsoft Visual Studio Solution File, Format Version 12.00
# Visual Studio Version 17
VisualStudioVersion = 17.8.34525.116
MinimumVisualStudioVersion = 10.0.40219.1
Project("{FAE04EC0-301F-11D3-BF4B-00C04F79EFBC}") = "Abstract Factory", "Abstract Factory.csproj", "{36379525-079A-4680-ADC1-8870D10DA5CC}"
EndProject
Global
	GlobalSection(SolutionConfigurationPlatforms) = preSolution
		Debug|Any CPU = Debug|Any CPU
		Release|Any CPU = Release|Any CPU
	EndGlobalSection
	GlobalSection(ProjectConfigurationPlatforms) = postSolution
		{36379525-079A-4680-ADC1-8870D10DA5CC}.Debug|Any CPU.ActiveCfg = Debug|Any CPU
		{36379525-079A-4680-ADC1-8870D10DA5CC}.Debug|Any CPU.Build.0 = Debug|Any CPU
		{36379525-079A-4680-ADC1-8870D10DA5CC}.Release|Any CPU.ActiveCfg = Release|Any CPU
		{36379525-079A-4680-ADC1-8870D10DA5CC}.Release|Any CPU.Build.0 = Release|Any CPU
	EndGlobalSection
	GlobalSection(SolutionProperties) = preSolution
		HideSolutionNode = FALSE
	EndGlobalSection
	GlobalSection(ExtensibilityGlobals) = postSolution
		SolutionGuid = {83772B84-267A-459A-BC0E-8D33E3F2896B}
	EndGlobalSection
EndGlobal
