
Microsoft Visual Studio Solution File, Format Version 12.00
# Visual Studio Version 17
VisualStudioVersion = 17.8.34525.116
MinimumVisualStudioVersion = 10.0.40219.1
Project("{FAE04EC0-301F-11D3-BF4B-00C04F79EFBC}") = "MS_Logging_Extension_Test", "MS_Logging_Extension_Test.csproj", "{D37A2E7A-74A3-4A80-98F8-203DECF2A780}"
EndProject
Global
	GlobalSection(SolutionConfigurationPlatforms) = preSolution
		Debug|Any CPU = Debug|Any CPU
		Release|Any CPU = Release|Any CPU
	EndGlobalSection
	GlobalSection(ProjectConfigurationPlatforms) = postSolution
		{D37A2E7A-74A3-4A80-98F8-203DECF2A780}.Debug|Any CPU.ActiveCfg = Debug|Any CPU
		{D37A2E7A-74A3-4A80-98F8-203DECF2A780}.Debug|Any CPU.Build.0 = Debug|Any CPU
		{D37A2E7A-74A3-4A80-98F8-203DECF2A780}.Release|Any CPU.ActiveCfg = Release|Any CPU
		{D37A2E7A-74A3-4A80-98F8-203DECF2A780}.Release|Any CPU.Build.0 = Release|Any CPU
	EndGlobalSection
	GlobalSection(SolutionProperties) = preSolution
		HideSolutionNode = FALSE
	EndGlobalSection
	GlobalSection(ExtensibilityGlobals) = postSolution
		SolutionGuid = {B4CA91A5-28F3-4B25-87C1-3AB8BE2EE9C5}
	EndGlobalSection
EndGlobal
