
Microsoft Visual Studio Solution File, Format Version 12.00
# Visual Studio Version 17
VisualStudioVersion = 17.8.34525.116
MinimumVisualStudioVersion = 10.0.40219.1
Project("{9A19103F-16F7-4668-BE54-9A1E7A4F7556}") = "FactoryMethod", "Factory Method\FactoryMethod.csproj", "{2D6A779B-3786-4BE9-AB7F-7BC3B1335A9C}"
EndProject
Global
	GlobalSection(SolutionConfigurationPlatforms) = preSolution
		Debug|Any CPU = Debug|Any CPU
		Release|Any CPU = Release|Any CPU
	EndGlobalSection
	GlobalSection(ProjectConfigurationPlatforms) = postSolution
		{2D6A779B-3786-4BE9-AB7F-7BC3B1335A9C}.Debug|Any CPU.ActiveCfg = Debug|Any CPU
		{2D6A779B-3786-4BE9-AB7F-7BC3B1335A9C}.Debug|Any CPU.Build.0 = Debug|Any CPU
		{2D6A779B-3786-4BE9-AB7F-7BC3B1335A9C}.Release|Any CPU.ActiveCfg = Release|Any CPU
		{2D6A779B-3786-4BE9-AB7F-7BC3B1335A9C}.Release|Any CPU.Build.0 = Release|Any CPU
	EndGlobalSection
	GlobalSection(SolutionProperties) = preSolution
		HideSolutionNode = FALSE
	EndGlobalSection
	GlobalSection(ExtensibilityGlobals) = postSolution
		SolutionGuid = {6E64B237-FD71-4F59-98B2-EC65BA70925C}
	EndGlobalSection
EndGlobal
